
Microsoft Visual Studio Solution File, Format Version 12.00
# Visual Studio Version 16
VisualStudioVersion = 16.0.31313.79
MinimumVisualStudioVersion = 10.0.40219.1
Project("{FAE04EC0-301F-11D3-BF4B-00C04F79EFBC}") = "PowerPoint_Creation_Tool", "PowerPoint_Creation_Tool\PowerPoint_Creation_Tool.csproj", "{71AB11FB-ED75-4362-BA4D-1A35D88A9AFF}"
EndProject
Global
	GlobalSection(SolutionConfigurationPlatforms) = preSolution
		Debug|Any CPU = Debug|Any CPU
		Release|Any CPU = Release|Any CPU
	EndGlobalSection
	GlobalSection(ProjectConfigurationPlatforms) = postSolution
		{71AB11FB-ED75-4362-BA4D-1A35D88A9AFF}.Debug|Any CPU.ActiveCfg = Debug|Any CPU
		{71AB11FB-ED75-4362-BA4D-1A35D88A9AFF}.Debug|Any CPU.Build.0 = Debug|Any CPU
		{71AB11FB-ED75-4362-BA4D-1A35D88A9AFF}.Release|Any CPU.ActiveCfg = Release|Any CPU
		{71AB11FB-ED75-4362-BA4D-1A35D88A9AFF}.Release|Any CPU.Build.0 = Release|Any CPU
	EndGlobalSection
	GlobalSection(SolutionProperties) = preSolution
		HideSolutionNode = FALSE
	EndGlobalSection
	GlobalSection(ExtensibilityGlobals) = postSolution
		SolutionGuid = {264FAED8-CDB4-4640-B4DA-AE2B2947ED4F}
	EndGlobalSection
EndGlobal
